
Microsoft Visual Studio Solution File, Format Version 12.00
# Visual Studio Version 17
VisualStudioVersion = 17.9.34701.34
MinimumVisualStudioVersion = 10.0.40219.1
Project("{FAE04EC0-301F-11D3-BF4B-00C04F79EFBC}") = "eje", "eje\eje.csproj", "{A9EC0E12-91A4-4DFA-A642-CDF3A48C76CC}"
EndProject
Project("{FAE04EC0-301F-11D3-BF4B-00C04F79EFBC}") = "ejem", "ejem\ejem.csproj", "{C34921BF-3EE8-4DDB-9DFD-77F46D5120CC}"
EndProject
Project("{FAE04EC0-301F-11D3-BF4B-00C04F79EFBC}") = "kkkkk", "kkkkk\kkkkk.csproj", "{252B87F0-A698-4072-88FC-E0F2D8F3BDCF}"
EndProject
Global
	GlobalSection(SolutionConfigurationPlatforms) = preSolution
		Debug|Any CPU = Debug|Any CPU
		Release|Any CPU = Release|Any CPU
	EndGlobalSection
	GlobalSection(ProjectConfigurationPlatforms) = postSolution
		{A9EC0E12-91A4-4DFA-A642-CDF3A48C76CC}.Debug|Any CPU.ActiveCfg = Debug|Any CPU
		{A9EC0E12-91A4-4DFA-A642-CDF3A48C76CC}.Debug|Any CPU.Build.0 = Debug|Any CPU
		{A9EC0E12-91A4-4DFA-A642-CDF3A48C76CC}.Release|Any CPU.ActiveCfg = Release|Any CPU
		{A9EC0E12-91A4-4DFA-A642-CDF3A48C76CC}.Release|Any CPU.Build.0 = Release|Any CPU
		{C34921BF-3EE8-4DDB-9DFD-77F46D5120CC}.Debug|Any CPU.ActiveCfg = Debug|Any CPU
		{C34921BF-3EE8-4DDB-9DFD-77F46D5120CC}.Debug|Any CPU.Build.0 = Debug|Any CPU
		{C34921BF-3EE8-4DDB-9DFD-77F46D5120CC}.Release|Any CPU.ActiveCfg = Release|Any CPU
		{C34921BF-3EE8-4DDB-9DFD-77F46D5120CC}.Release|Any CPU.Build.0 = Release|Any CPU
		{252B87F0-A698-4072-88FC-E0F2D8F3BDCF}.Debug|Any CPU.ActiveCfg = Debug|Any CPU
		{252B87F0-A698-4072-88FC-E0F2D8F3BDCF}.Debug|Any CPU.Build.0 = Debug|Any CPU
		{252B87F0-A698-4072-88FC-E0F2D8F3BDCF}.Release|Any CPU.ActiveCfg = Release|Any CPU
		{252B87F0-A698-4072-88FC-E0F2D8F3BDCF}.Release|Any CPU.Build.0 = Release|Any CPU
	EndGlobalSection
	GlobalSection(SolutionProperties) = preSolution
		HideSolutionNode = FALSE
	EndGlobalSection
	GlobalSection(ExtensibilityGlobals) = postSolution
		SolutionGuid = {D2DAB972-1F42-4B90-B13C-3BCC87FD3DB5}
	EndGlobalSection
EndGlobal
